// !$*UTF8*$!
{
	archiveVersion = 1;
	classes = {
	};
	objectVersion = 51;
	objects = {

/* Begin PBXBuildFile section */
		046485DD23D2CAAC002A591F /* AppDelegate.swift in Sources */ = {isa = PBXBuildFile; fileRef = 046485DC23D2CAAC002A591F /* AppDelegate.swift */; };
		046485DF23D2CAAC002A591F /* SceneDelegate.swift in Sources */ = {isa = PBXBuildFile; fileRef = 046485DE23D2CAAC002A591F /* SceneDelegate.swift */; };
		046485E423D2CAAC002A591F /* Main.storyboard in Resources */ = {isa = PBXBuildFile; fileRef = 046485E223D2CAAC002A591F /* Main.storyboard */; };
		046485E623D2CAB1002A591F /* Assets.xcassets in Resources */ = {isa = PBXBuildFile; fileRef = 046485E523D2CAB1002A591F /* Assets.xcassets */; };
		046485E923D2CAB1002A591F /* LaunchScreen.storyboard in Resources */ = {isa = PBXBuildFile; fileRef = 046485E723D2CAB1002A591F /* LaunchScreen.storyboard */; };
		046485F123D2CDE2002A591F /* MoviesViewController.swift in Sources */ = {isa = PBXBuildFile; fileRef = 046485F023D2CDE2002A591F /* MoviesViewController.swift */; };
		046485F323D2E707002A591F /* MovieCell.swift in Sources */ = {isa = PBXBuildFile; fileRef = 046485F223D2E707002A591F /* MovieCell.swift */; };
		046485F823DFCCEA002A591F /* MovieDetailsViewController.swift in Sources */ = {isa = PBXBuildFile; fileRef = 046485F723DFCCEA002A591F /* MovieDetailsViewController.swift */; };
		046485FA23DFE18F002A591F /* MovieGridViewController.swift in Sources */ = {isa = PBXBuildFile; fileRef = 046485F923DFE18F002A591F /* MovieGridViewController.swift */; };
		046485FC23DFE781002A591F /* MovieGridCell.swift in Sources */ = {isa = PBXBuildFile; fileRef = 046485FB23DFE781002A591F /* MovieGridCell.swift */; };
		046485FE23E0B02B002A591F /* MovieGridDetailsViewController.swift in Sources */ = {isa = PBXBuildFile; fileRef = 046485FD23E0B02B002A591F /* MovieGridDetailsViewController.swift */; };
		F743DF6C56AC0FF0480EABBE /* Pods_flixsterApp.framework in Frameworks */ = {isa = PBXBuildFile; fileRef = D9175D60D1D2BEA1CF21BFE7 /* Pods_flixsterApp.framework */; };
/* End PBXBuildFile section */

/* Begin PBXFileReference section */
		046485D923D2CAAC002A591F /* flixsterApp.app */ = {isa = PBXFileReference; explicitFileType = wrapper.application; includeInIndex = 0; path = flixsterApp.app; sourceTree = BUILT_PRODUCTS_DIR; };
		046485DC23D2CAAC002A591F /* AppDelegate.swift */ = {isa = PBXFileReference; lastKnownFileType = sourcecode.swift; path = AppDelegate.swift; sourceTree = "<group>"; };
		046485DE23D2CAAC002A591F /* SceneDelegate.swift */ = {isa = PBXFileReference; lastKnownFileType = sourcecode.swift; path = SceneDelegate.swift; sourceTree = "<group>"; };
		046485E323D2CAAC002A591F /* Base */ = {isa = PBXFileReference; lastKnownFileType = file.storyboard; name = Base; path = Base.lproj/Main.storyboard; sourceTree = "<group>"; };
		046485E523D2CAB1002A591F /* Assets.xcassets */ = {isa = PBXFileReference; lastKnownFileType = folder.assetcatalog; path = Assets.xcassets; sourceTree = "<group>"; };
		046485E823D2CAB1002A591F /* Base */ = {isa = PBXFileReference; lastKnownFileType = file.storyboard; name = Base; path = Base.lproj/LaunchScreen.storyboard; sourceTree = "<group>"; };
		046485EA23D2CAB1002A591F /* Info.plist */ = {isa = PBXFileReference; lastKnownFileType = text.plist.xml; path = Info.plist; sourceTree = "<group>"; };
		046485F023D2CDE2002A591F /* MoviesViewController.swift */ = {isa = PBXFileReference; lastKnownFileType = sourcecode.swift; name = MoviesViewController.swift; path = Assets.xcassets/MoviesViewController.swift; sourceTree = "<group>"; };
		046485F223D2E707002A591F /* MovieCell.swift */ = {isa = PBXFileReference; lastKnownFileType = sourcecode.swift; path = MovieCell.swift; sourceTree = "<group>"; };
		046485F723DFCCEA002A591F /* MovieDetailsViewController.swift */ = {isa = PBXFileReference; lastKnownFileType = sourcecode.swift; path = MovieDetailsViewController.swift; sourceTree = "<group>"; };
		046485F923DFE18F002A591F /* MovieGridViewController.swift */ = {isa = PBXFileReference; lastKnownFileType = sourcecode.swift; path = MovieGridViewController.swift; sourceTree = "<group>"; };
		046485FB23DFE781002A591F /* MovieGridCell.swift */ = {isa = PBXFileReference; lastKnownFileType = sourcecode.swift; path = MovieGridCell.swift; sourceTree = "<group>"; };
		046485FD23E0B02B002A591F /* MovieGridDetailsViewController.swift */ = {isa = PBXFileReference; lastKnownFileType = sourcecode.swift; path = MovieGridDetailsViewController.swift; sourceTree = "<group>"; };
		42B1A03739D884A8234F515F /* Pods-flixsterApp.release.xcconfig */ = {isa = PBXFileReference; includeInIndex = 1; lastKnownFileType = text.xcconfig; name = "Pods-flixsterApp.release.xcconfig"; path = "Target Support Files/Pods-flixsterApp/Pods-flixsterApp.release.xcconfig"; sourceTree = "<group>"; };
		51BBF7B31425DD6B33673C49 /* Pods-flixsterApp.debug.xcconfig */ = {isa = PBXFileReference; includeInIndex = 1; lastKnownFileType = text.xcconfig; name = "Pods-flixsterApp.debug.xcconfig"; path = "Target Support Files/Pods-flixsterApp/Pods-flixsterApp.debug.xcconfig"; sourceTree = "<group>"; };
		D9175D60D1D2BEA1CF21BFE7 /* Pods_flixsterApp.framework */ = {isa = PBXFileReference; explicitFileType = wrapper.framework; includeInIndex = 0; path = Pods_flixsterApp.framework; sourceTree = BUILT_PRODUCTS_DIR; };
/* End PBXFileReference section */

/* Begin PBXFrameworksBuildPhase section */
		046485D623D2CAAC002A591F /* Frameworks */ = {
			isa = PBXFrameworksBuildPhase;
			buildActionMask = 2147483647;
			files = (
				F743DF6C56AC0FF0480EABBE /* Pods_flixsterApp.framework in Frameworks */,
			);
			runOnlyForDeploymentPostprocessing = 0;
		};
/* End PBXFrameworksBuildPhase section */

/* Begin PBXGroup section */
		046485D023D2CAAC002A591F = {
			isa = PBXGroup;
			children = (
				046485DB23D2CAAC002A591F /* flixsterApp */,
				046485DA23D2CAAC002A591F /* Products */,
				1E2AAE4B7989294D92ADDCCC /* Pods */,
				85373C7D5733729931BD8262 /* Frameworks */,
			);
			sourceTree = "<group>";
		};
		046485DA23D2CAAC002A591F /* Products */ = {
			isa = PBXGroup;
			children = (
				046485D923D2CAAC002A591F /* flixsterApp.app */,
			);
			name = Products;
			sourceTree = "<group>";
		};
		046485DB23D2CAAC002A591F /* flixsterApp */ = {
			isa = PBXGroup;
			children = (
				046485DC23D2CAAC002A591F /* AppDelegate.swift */,
				046485DE23D2CAAC002A591F /* SceneDelegate.swift */,
				046485F023D2CDE2002A591F /* MoviesViewController.swift */,
				046485F723DFCCEA002A591F /* MovieDetailsViewController.swift */,
				046485F923DFE18F002A591F /* MovieGridViewController.swift */,
				046485FD23E0B02B002A591F /* MovieGridDetailsViewController.swift */,
				046485FB23DFE781002A591F /* MovieGridCell.swift */,
				046485E223D2CAAC002A591F /* Main.storyboard */,
				046485F223D2E707002A591F /* MovieCell.swift */,
				046485E523D2CAB1002A591F /* Assets.xcassets */,
				046485E723D2CAB1002A591F /* LaunchScreen.storyboard */,
				046485EA23D2CAB1002A591F /* Info.plist */,
			);
			path = flixsterApp;
			sourceTree = "<group>";
		};
		1E2AAE4B7989294D92ADDCCC /* Pods */ = {
			isa = PBXGroup;
			children = (
				51BBF7B31425DD6B33673C49 /* Pods-flixsterApp.debug.xcconfig */,
				42B1A03739D884A8234F515F /* Pods-flixsterApp.release.xcconfig */,
			);
			path = Pods;
			sourceTree = "<group>";
		};
		85373C7D5733729931BD8262 /* Frameworks */ = {
			isa = PBXGroup;
			children = (
				D9175D60D1D2BEA1CF21BFE7 /* Pods_flixsterApp.framework */,
			);
			name = Frameworks;
			sourceTree = "<group>";
		};
/* End PBXGroup section */

/* Begin PBXNativeTarget section */
		046485D823D2CAAC002A591F /* flixsterApp */ = {
			isa = PBXNativeTarget;
			buildConfigurationList = 046485ED23D2CAB1002A591F /* Build configuration list for PBXNativeTarget "flixsterApp" */;
			buildPhases = (
				7ACAC194B423B756A35DE2F3 /* [CP] Check Pods Manifest.lock */,
				046485D523D2CAAC002A591F /* Sources */,
				046485D623D2CAAC002A591F /* Frameworks */,
				046485D723D2CAAC002A591F /* Resources */,
				DE5A4B321D92F070A10B9A4E /* [CP] Embed Pods Frameworks */,
			);
			buildRules = (
			);
			dependencies = (
			);
			name = flixsterApp;
			productName = flixsterApp;
			productReference = 046485D923D2CAAC002A591F /* flixsterApp.app */;
			productType = "com.apple.product-type.application";
		};
/* End PBXNativeTarget section */

/* Begin PBXProject section */
		046485D123D2CAAC002A591F /* Project object */ = {
			isa = PBXProject;
			attributes = {
				LastSwiftUpdateCheck = 1130;
				LastUpgradeCheck = 1130;
				ORGANIZATIONNAME = "Michelle Vasquez-Aleman";
				TargetAttributes = {
					046485D823D2CAAC002A591F = {
						CreatedOnToolsVersion = 11.3;
					};
				};
			};
			buildConfigurationList = 046485D423D2CAAC002A591F /* Build configuration list for PBXProject "flixsterApp" */;
			compatibilityVersion = "Xcode 9.3";
			developmentRegion = en;
			hasScannedForEncodings = 0;
			knownRegions = (
				en,
				Base,
			);
			mainGroup = 046485D023D2CAAC002A591F;
			productRefGroup = 046485DA23D2CAAC002A591F /* Products */;
			projectDirPath = "";
			projectRoot = "";
			targets = (
				046485D823D2CAAC002A591F /* flixsterApp */,
			);
		};
/* End PBXProject section */

/* Begin PBXResourcesBuildPhase section */
		046485D723D2CAAC002A591F /* Resources */ = {
			isa = PBXResourcesBuildPhase;
			buildActionMask = 2147483647;
			files = (
				046485E923D2CAB1002A591F /* LaunchScreen.storyboard in Resources */,
				046485E623D2CAB1002A591F /* Assets.xcassets in Resources */,
				046485E423D2CAAC002A591F /* Main.storyboard in Resources */,
			);
			runOnlyForDeploymentPostprocessing = 0;
		};
/* End PBXResourcesBuildPhase section */

/* Begin PBXShellScriptBuildPhase section */
		7ACAC194B423B756A35DE2F3 /* [CP] Check Pods Manifest.lock */ = {
			isa = PBXShellScriptBuildPhase;
			buildActionMask = 2147483647;
			files = (
			);
			inputFileListPaths = (
			);
			inputPaths = (
				"${PODS_PODFILE_DIR_PATH}/Podfile.lock",
				"${PODS_ROOT}/Manifest.lock",
			);
			name = "[CP] Check Pods Manifest.lock";
			outputFileListPaths = (
			);
			outputPaths = (
				"$(DERIVED_FILE_DIR)/Pods-flixsterApp-checkManifestLockResult.txt",
			);
			runOnlyForDeploymentPostprocessing = 0;
			shellPath = /bin/sh;
			shellScript = "diff \"${PODS_PODFILE_DIR_PATH}/Podfile.lock\" \"${PODS_ROOT}/Manifest.lock\" > /dev/null\nif [ $? != 0 ] ; then\n    # print error to STDERR\n    echo \"error: The sandbox is not in sync with the Podfile.lock. Run 'pod install' or update your CocoaPods installation.\" >&2\n    exit 1\nfi\n# This output is used by Xcode 'outputs' to avoid re-running this script phase.\necho \"SUCCESS\" > \"${SCRIPT_OUTPUT_FILE_0}\"\n";
			showEnvVarsInLog = 0;
		};
		DE5A4B321D92F070A10B9A4E /* [CP] Embed Pods Frameworks */ = {
			isa = PBXShellScriptBuildPhase;
			buildActionMask = 2147483647;
			files = (
			);
			inputFileListPaths = (
				"${PODS_ROOT}/Target Support Files/Pods-flixsterApp/Pods-flixsterApp-frameworks-${CONFIGURATION}-input-files.xcfilelist",
			);
			name = "[CP] Embed Pods Frameworks";
			outputFileListPaths = (
				"${PODS_ROOT}/Target Support Files/Pods-flixsterApp/Pods-flixsterApp-frameworks-${CONFIGURATION}-output-files.xcfilelist",
			);
			runOnlyForDeploymentPostprocessing = 0;
			shellPath = /bin/sh;
			shellScript = "\"${PODS_ROOT}/Target Support Files/Pods-flixsterApp/Pods-flixsterApp-frameworks.sh\"\n";
			showEnvVarsInLog = 0;
		};
/* End PBXShellScriptBuildPhase section */

/* Begin PBXSourcesBuildPhase section */
		046485D523D2CAAC002A591F /* Sources */ = {
			isa = PBXSourcesBuildPhase;
			buildActionMask = 2147483647;
			files = (
				046485F823DFCCEA002A591F /* MovieDetailsViewController.swift in Sources */,
				046485DD23D2CAAC002A591F /* AppDelegate.swift in Sources */,
				046485FE23E0B02B002A591F /* MovieGridDetailsViewController.swift in Sources */,
				046485DF23D2CAAC002A591F /* SceneDelegate.swift in Sources */,
				046485F323D2E707002A591F /* MovieCell.swift in Sources */,
				046485F123D2CDE2002A591F /* MoviesViewController.swift in Sources */,
				046485FA23DFE18F002A591F /* MovieGridViewController.swift in Sources */,
				046485FC23DFE781002A591F /* MovieGridCell.swift in Sources */,
			);
			runOnlyForDeploymentPostprocessing = 0;
		};
/* End PBXSourcesBuildPhase section */

/* Begin PBXVariantGroup section */
		046485E223D2CAAC002A591F /* Main.storyboard */ = {
			isa = PBXVariantGroup;
			children = (
				046485E323D2CAAC002A591F /* Base */,
			);
			name = Main.storyboard;
			sourceTree = "<group>";
		};
		046485E723D2CAB1002A591F /* LaunchScreen.storyboard */ = {
			isa = PBXVariantGroup;
			children = (
				046485E823D2CAB1002A591F /* Base */,
			);
			name = LaunchScreen.storyboard;
			sourceTree = "<group>";
		};
/* End PBXVariantGroup section */

/* Begin XCBuildConfiguration section */
		046485EB23D2CAB1002A591F /* Debug */ = {
			isa = XCBuildConfiguration;
			buildSettings = {
				ALWAYS_SEARCH_USER_PATHS = NO;
				CLANG_ANALYZER_NONNULL = YES;
				CLANG_ANALYZER_NUMBER_OBJECT_CONVERSION = YES_AGGRESSIVE;
				CLANG_CXX_LANGUAGE_STANDARD = "gnu++14";
				CLANG_CXX_LIBRARY = "libc++";
				CLANG_ENABLE_MODULES = YES;
				CLANG_ENABLE_OBJC_ARC = YES;
				CLANG_ENABLE_OBJC_WEAK = YES;
				CLANG_WARN_BLOCK_CAPTURE_AUTORELEASING = YES;
				CLANG_WARN_BOOL_CONVERSION = YES;
				CLANG_WARN_COMMA = YES;
				CLANG_WARN_CONSTANT_CONVERSION = YES;
				CLANG_WARN_DEPRECATED_OBJC_IMPLEMENTATIONS = YES;
				CLANG_WARN_DIRECT_OBJC_ISA_USAGE = YES_ERROR;
				CLANG_WARN_DOCUMENTATION_COMMENTS = YES;
				CLANG_WARN_EMPTY_BODY = YES;
				CLANG_WARN_ENUM_CONVERSION = YES;
				CLANG_WARN_INFINITE_RECURSION = YES;
				CLANG_WARN_INT_CONVERSION = YES;
				CLANG_WARN_NON_LITERAL_NULL_CONVERSION = YES;
				CLANG_WARN_OBJC_IMPLICIT_RETAIN_SELF = YES;
				CLANG_WARN_OBJC_LITERAL_CONVERSION = YES;
				CLANG_WARN_OBJC_ROOT_CLASS = YES_ERROR;
				CLANG_WARN_RANGE_LOOP_ANALYSIS = YES;
				CLANG_WARN_STRICT_PROTOTYPES = YES;
				CLANG_WARN_SUSPICIOUS_MOVE = YES;
				CLANG_WARN_UNGUARDED_AVAILABILITY = YES_AGGRESSIVE;
				CLANG_WARN_UNREACHABLE_CODE = YES;
				CLANG_WARN__DUPLICATE_METHOD_MATCH = YES;
				COPY_PHASE_STRIP = NO;
				DEBUG_INFORMATION_FORMAT = dwarf;
				ENABLE_STRICT_OBJC_MSGSEND = YES;
				ENABLE_TESTABILITY = YES;
				GCC_C_LANGUAGE_STANDARD = gnu11;
				GCC_DYNAMIC_NO_PIC = NO;
				GCC_NO_COMMON_BLOCKS = YES;
				GCC_OPTIMIZATION_LEVEL = 0;
				GCC_PREPROCESSOR_DEFINITIONS = (
					"DEBUG=1",
					"$(inherited)",
				);
				GCC_WARN_64_TO_32_BIT_CONVERSION = YES;
				GCC_WARN_ABOUT_RETURN_TYPE = YES_ERROR;
				GCC_WARN_UNDECLARED_SELECTOR = YES;
				GCC_WARN_UNINITIALIZED_AUTOS = YES_AGGRESSIVE;
				GCC_WARN_UNUSED_FUNCTION = YES;
				GCC_WARN_UNUSED_VARIABLE = YES;
				IPHONEOS_DEPLOYMENT_TARGET = 13.2;
				MTL_ENABLE_DEBUG_INFO = INCLUDE_SOURCE;
				MTL_FAST_MATH = YES;
				ONLY_ACTIVE_ARCH = YES;
				SDKROOT = iphoneos;
				SWIFT_ACTIVE_COMPILATION_CONDITIONS = DEBUG;
				SWIFT_OPTIMIZATION_LEVEL = "-Onone";
			};
			name = Debug;
		};
		046485EC23D2CAB1002A591F /* Release */ = {
			isa = XCBuildConfiguration;
			buildSettings = {
				ALWAYS_SEARCH_USER_PATHS = NO;
				CLANG_ANALYZER_NONNULL = YES;
				CLANG_ANALYZER_NUMBER_OBJECT_CONVERSION = YES_AGGRESSIVE;
				CLANG_CXX_LANGUAGE_STANDARD = "gnu++14";
				CLANG_CXX_LIBRARY = "libc++";
				CLANG_ENABLE_MODULES = YES;
				CLANG_ENABLE_OBJC_ARC = YES;
				CLANG_ENABLE_OBJC_WEAK = YES;
				CLANG_WARN_BLOCK_CAPTURE_AUTORELEASING = YES;
				CLANG_WARN_BOOL_CONVERSION = YES;
				CLANG_WARN_COMMA = YES;
				CLANG_WARN_CONSTANT_CONVERSION = YES;
				CLANG_WARN_DEPRECATED_OBJC_IMPLEMENTATIONS = YES;
				CLANG_WARN_DIRECT_OBJC_ISA_USAGE = YES_ERROR;
				CLANG_WARN_DOCUMENTATION_COMMENTS = YES;
				CLANG_WARN_EMPTY_BODY = YES;
				CLANG_WARN_ENUM_CONVERSION = YES;
				CLANG_WARN_INFINITE_RECURSION = YES;
				CLANG_WARN_INT_CONVERSION = YES;
				CLANG_WARN_NON_LITERAL_NULL_CONVERSION = YES;
				CLANG_WARN_OBJC_IMPLICIT_RETAIN_SELF = YES;
				CLANG_WARN_OBJC_LITERAL_CONVERSION = YES;
				CLANG_WARN_OBJC_ROOT_CLASS = YES_ERROR;
				CLANG_WARN_RANGE_LOOP_ANALYSIS = YES;
				CLANG_WARN_STRICT_PROTOTYPES = YES;
				CLANG_WARN_SUSPICIOUS_MOVE = YES;
				CLANG_WARN_UNGUARDED_AVAILABILITY = YES_AGGRESSIVE;
				CLANG_WARN_UNREACHABLE_CODE = YES;
				CLANG_WARN__DUPLICATE_METHOD_MATCH = YES;
				COPY_PHASE_STRIP = NO;
				DEBUG_INFORMATION_FORMAT = "dwarf-with-dsym";
				ENABLE_NS_ASSERTIONS = NO;
				ENABLE_STRICT_OBJC_MSGSEND = YES;
				GCC_C_LANGUAGE_STANDARD = gnu11;
				GCC_NO_COMMON_BLOCKS = YES;
				GCC_WARN_64_TO_32_BIT_CONVERSION = YES;
				GCC_WARN_ABOUT_RETURN_TYPE = YES_ERROR;
				GCC_WARN_UNDECLARED_SELECTOR = YES;
				GCC_WARN_UNINITIALIZED_AUTOS = YES_AGGRESSIVE;
				GCC_WARN_UNUSED_FUNCTION = YES;
				GCC_WARN_UNUSED_VARIABLE = YES;
				IPHONEOS_DEPLOYMENT_TARGET = 13.2;
				MTL_ENABLE_DEBUG_INFO = NO;
				MTL_FAST_MATH = YES;
				SDKROOT = iphoneos;
				SWIFT_COMPILATION_MODE = wholemodule;
				SWIFT_OPTIMIZATION_LEVEL = "-O";
				VALIDATE_PRODUCT = YES;
			};
			name = Release;
		};
		046485EE23D2CAB1002A591F /* Debug */ = {
			isa = XCBuildConfiguration;
			baseConfigurationReference = 51BBF7B31425DD6B33673C49 /* Pods-flixsterApp.debug.xcconfig */;
			buildSettings = {
				ASSETCATALOG_COMPILER_APPICON_NAME = AppIcon;
				CODE_SIGN_STYLE = Automatic;
				INFOPLIST_FILE = flixsterApp/Info.plist;
				LD_RUNPATH_SEARCH_PATHS = (
					"$(inherited)",
					"@executable_path/Frameworks",
				);
				PRODUCT_BUNDLE_IDENTIFIER = michellevaleman.flixsterApp;
				PRODUCT_NAME = "$(TARGET_NAME)";
				SWIFT_VERSION = 5.0;
				TARGETED_DEVICE_FAMILY = "1,2";
			};
			name = Debug;
		};
		046485EF23D2CAB1002A591F /* Release */ = {
			isa = XCBuildConfiguration;
			baseConfigurationReference = 42B1A03739D884A8234F515F /* Pods-flixsterApp.release.xcconfig */;
			buildSettings = {
				ASSETCATALOG_COMPILER_APPICON_NAME = AppIcon;
				CODE_SIGN_STYLE = Automatic;
				INFOPLIST_FILE = flixsterApp/Info.plist;
				LD_RUNPATH_SEARCH_PATHS = (
					"$(inherited)",
					"@executable_path/Frameworks",
				);
				PRODUCT_BUNDLE_IDENTIFIER = michellevaleman.flixsterApp;
				PRODUCT_NAME = "$(TARGET_NAME)";
				SWIFT_VERSION = 5.0;
				TARGETED_DEVICE_FAMILY = "1,2";
			};
			name = Release;
		};
/* End XCBuildConfiguration section */

/* Begin XCConfigurationList section */
		046485D423D2CAAC002A591F /* Build configuration list for PBXProject "flixsterApp" */ = {
			isa = XCConfigurationList;
			buildConfigurations = (
				046485EB23D2CAB1002A591F /* Debug */,
				046485EC23D2CAB1002A591F /* Release */,
			);
			defaultConfigurationIsVisible = 0;
			defaultConfigurationName = Release;
		};
		046485ED23D2CAB1002A591F /* Build configuration list for PBXNativeTarget "flixsterApp" */ = {
			isa = XCConfigurationList;
			buildConfigurations = (
				046485EE23D2CAB1002A591F /* Debug */,
				046485EF23D2CAB1002A591F /* Release */,
			);
			defaultConfigurationIsVisible = 0;
			defaultConfigurationName = Release;
		};
/* End XCConfigurationList section */
	};
	rootObject = 046485D123D2CAAC002A591F /* Project object */;
}
